
Microsoft Visual Studio Solution File, Format Version 12.00
# Visual Studio 15
VisualStudioVersion = 15.0.27703.2042
MinimumVisualStudioVersion = 10.0.40219.1
Project("{FAE04EC0-301F-11D3-BF4B-00C04F79EFBC}") = "1В", "1В\1В.csproj", "{BE97E70A-94F8-4DC7-BCB0-4EF6F58F8597}"
EndProject
Project("{FAE04EC0-301F-11D3-BF4B-00C04F79EFBC}") = "2", "2\2.csproj", "{7AC2026C-E8A2-4F50-A2FA-95A9A4BFF0BA}"
EndProject
Project("{FAE04EC0-301F-11D3-BF4B-00C04F79EFBC}") = "3А", "3А\3А.csproj", "{3C7B7B3F-EC08-4417-81C5-92E04D0AEED0}"
EndProject
Project("{FAE04EC0-301F-11D3-BF4B-00C04F79EFBC}") = "5А", "5\5А.csproj", "{31E6C0B6-B509-46FE-9C81-C1C8DB8F2317}"
EndProject
Project("{FAE04EC0-301F-11D3-BF4B-00C04F79EFBC}") = "1А", "1А\1А.csproj", "{FC54C8D6-9913-49F5-A5B7-F54F71CB9176}"
EndProject
Project("{FAE04EC0-301F-11D3-BF4B-00C04F79EFBC}") = "1Б", "1Б\1Б.csproj", "{CDE0B90E-BB8F-4868-8000-42B339C23D48}"
EndProject
Project("{FAE04EC0-301F-11D3-BF4B-00C04F79EFBC}") = "3Б", "3Б\3Б.csproj", "{91D38EF7-5430-4E79-8C87-A2E2029D6A3D}"
EndProject
Project("{FAE04EC0-301F-11D3-BF4B-00C04F79EFBC}") = "4A", "4А\4A.csproj", "{7A76E226-E485-49B5-B4CE-7A9EF3CEA789}"
EndProject
Project("{FAE04EC0-301F-11D3-BF4B-00C04F79EFBC}") = "4Б", "4Б\4Б.csproj", "{87824D9D-870D-4803-BBF6-23DEC374EB21}"
EndProject
Project("{FAE04EC0-301F-11D3-BF4B-00C04F79EFBC}") = "5Б", "5Б\5Б.csproj", "{D17B273E-E1F4-42F0-8FD5-6EB8497B8AD8}"
EndProject
Project("{FAE04EC0-301F-11D3-BF4B-00C04F79EFBC}") = "5В", "5В\5В.csproj", "{DCF28DF1-FF13-40C3-8138-A1AC4FA5475E}"
EndProject
Project("{FAE04EC0-301F-11D3-BF4B-00C04F79EFBC}") = "6", "6\6.csproj", "{F71A6B85-B0C1-413E-9EB2-780B5CFD17D7}"
EndProject
Global
	GlobalSection(SolutionConfigurationPlatforms) = preSolution
		Debug|Any CPU = Debug|Any CPU
		Release|Any CPU = Release|Any CPU
	EndGlobalSection
	GlobalSection(ProjectConfigurationPlatforms) = postSolution
		{BE97E70A-94F8-4DC7-BCB0-4EF6F58F8597}.Debug|Any CPU.ActiveCfg = Debug|Any CPU
		{BE97E70A-94F8-4DC7-BCB0-4EF6F58F8597}.Debug|Any CPU.Build.0 = Debug|Any CPU
		{BE97E70A-94F8-4DC7-BCB0-4EF6F58F8597}.Release|Any CPU.ActiveCfg = Release|Any CPU
		{BE97E70A-94F8-4DC7-BCB0-4EF6F58F8597}.Release|Any CPU.Build.0 = Release|Any CPU
		{7AC2026C-E8A2-4F50-A2FA-95A9A4BFF0BA}.Debug|Any CPU.ActiveCfg = Debug|Any CPU
		{7AC2026C-E8A2-4F50-A2FA-95A9A4BFF0BA}.Debug|Any CPU.Build.0 = Debug|Any CPU
		{7AC2026C-E8A2-4F50-A2FA-95A9A4BFF0BA}.Release|Any CPU.ActiveCfg = Release|Any CPU
		{7AC2026C-E8A2-4F50-A2FA-95A9A4BFF0BA}.Release|Any CPU.Build.0 = Release|Any CPU
		{3C7B7B3F-EC08-4417-81C5-92E04D0AEED0}.Debug|Any CPU.ActiveCfg = Debug|Any CPU
		{3C7B7B3F-EC08-4417-81C5-92E04D0AEED0}.Debug|Any CPU.Build.0 = Debug|Any CPU
		{3C7B7B3F-EC08-4417-81C5-92E04D0AEED0}.Release|Any CPU.ActiveCfg = Release|Any CPU
		{3C7B7B3F-EC08-4417-81C5-92E04D0AEED0}.Release|Any CPU.Build.0 = Release|Any CPU
		{31E6C0B6-B509-46FE-9C81-C1C8DB8F2317}.Debug|Any CPU.ActiveCfg = Debug|Any CPU
		{31E6C0B6-B509-46FE-9C81-C1C8DB8F2317}.Debug|Any CPU.Build.0 = Debug|Any CPU
		{31E6C0B6-B509-46FE-9C81-C1C8DB8F2317}.Release|Any CPU.ActiveCfg = Release|Any CPU
		{31E6C0B6-B509-46FE-9C81-C1C8DB8F2317}.Release|Any CPU.Build.0 = Release|Any CPU
		{FC54C8D6-9913-49F5-A5B7-F54F71CB9176}.Debug|Any CPU.ActiveCfg = Debug|Any CPU
		{FC54C8D6-9913-49F5-A5B7-F54F71CB9176}.Debug|Any CPU.Build.0 = Debug|Any CPU
		{FC54C8D6-9913-49F5-A5B7-F54F71CB9176}.Release|Any CPU.ActiveCfg = Release|Any CPU
		{FC54C8D6-9913-49F5-A5B7-F54F71CB9176}.Release|Any CPU.Build.0 = Release|Any CPU
		{CDE0B90E-BB8F-4868-8000-42B339C23D48}.Debug|Any CPU.ActiveCfg = Debug|Any CPU
		{CDE0B90E-BB8F-4868-8000-42B339C23D48}.Debug|Any CPU.Build.0 = Debug|Any CPU
		{CDE0B90E-BB8F-4868-8000-42B339C23D48}.Release|Any CPU.ActiveCfg = Release|Any CPU
		{CDE0B90E-BB8F-4868-8000-42B339C23D48}.Release|Any CPU.Build.0 = Release|Any CPU
		{91D38EF7-5430-4E79-8C87-A2E2029D6A3D}.Debug|Any CPU.ActiveCfg = Debug|Any CPU
		{91D38EF7-5430-4E79-8C87-A2E2029D6A3D}.Debug|Any CPU.Build.0 = Debug|Any CPU
		{91D38EF7-5430-4E79-8C87-A2E2029D6A3D}.Release|Any CPU.ActiveCfg = Release|Any CPU
		{91D38EF7-5430-4E79-8C87-A2E2029D6A3D}.Release|Any CPU.Build.0 = Release|Any CPU
		{7A76E226-E485-49B5-B4CE-7A9EF3CEA789}.Debug|Any CPU.ActiveCfg = Debug|Any CPU
		{7A76E226-E485-49B5-B4CE-7A9EF3CEA789}.Debug|Any CPU.Build.0 = Debug|Any CPU
		{7A76E226-E485-49B5-B4CE-7A9EF3CEA789}.Release|Any CPU.ActiveCfg = Release|Any CPU
		{7A76E226-E485-49B5-B4CE-7A9EF3CEA789}.Release|Any CPU.Build.0 = Release|Any CPU
		{87824D9D-870D-4803-BBF6-23DEC374EB21}.Debug|Any CPU.ActiveCfg = Debug|Any CPU
		{87824D9D-870D-4803-BBF6-23DEC374EB21}.Debug|Any CPU.Build.0 = Debug|Any CPU
		{87824D9D-870D-4803-BBF6-23DEC374EB21}.Release|Any CPU.ActiveCfg = Release|Any CPU
		{87824D9D-870D-4803-BBF6-23DEC374EB21}.Release|Any CPU.Build.0 = Release|Any CPU
		{D17B273E-E1F4-42F0-8FD5-6EB8497B8AD8}.Debug|Any CPU.ActiveCfg = Debug|Any CPU
		{D17B273E-E1F4-42F0-8FD5-6EB8497B8AD8}.Debug|Any CPU.Build.0 = Debug|Any CPU
		{D17B273E-E1F4-42F0-8FD5-6EB8497B8AD8}.Release|Any CPU.ActiveCfg = Release|Any CPU
		{D17B273E-E1F4-42F0-8FD5-6EB8497B8AD8}.Release|Any CPU.Build.0 = Release|Any CPU
		{DCF28DF1-FF13-40C3-8138-A1AC4FA5475E}.Debug|Any CPU.ActiveCfg = Debug|Any CPU
		{DCF28DF1-FF13-40C3-8138-A1AC4FA5475E}.Debug|Any CPU.Build.0 = Debug|Any CPU
		{DCF28DF1-FF13-40C3-8138-A1AC4FA5475E}.Release|Any CPU.ActiveCfg = Release|Any CPU
		{DCF28DF1-FF13-40C3-8138-A1AC4FA5475E}.Release|Any CPU.Build.0 = Release|Any CPU
		{F71A6B85-B0C1-413E-9EB2-780B5CFD17D7}.Debug|Any CPU.ActiveCfg = Debug|Any CPU
		{F71A6B85-B0C1-413E-9EB2-780B5CFD17D7}.Debug|Any CPU.Build.0 = Debug|Any CPU
		{F71A6B85-B0C1-413E-9EB2-780B5CFD17D7}.Release|Any CPU.ActiveCfg = Release|Any CPU
		{F71A6B85-B0C1-413E-9EB2-780B5CFD17D7}.Release|Any CPU.Build.0 = Release|Any CPU
	EndGlobalSection
	GlobalSection(SolutionProperties) = preSolution
		HideSolutionNode = FALSE
	EndGlobalSection
	GlobalSection(ExtensibilityGlobals) = postSolution
		SolutionGuid = {D471FEC6-6268-4746-B886-4BF7D465E728}
	EndGlobalSection
EndGlobal
