
Microsoft Visual Studio Solution File, Format Version 12.00
# Visual Studio 15
VisualStudioVersion = 15.0.27703.2042
MinimumVisualStudioVersion = 10.0.40219.1
Project("{FAE04EC0-301F-11D3-BF4B-00C04F79EFBC}") = "WindowsFormsApp1", "WindowsFormsApp1\WindowsFormsApp1.csproj", "{18A12805-BAC0-428E-9482-6FF7E4C0AC0E}"
EndProject
Project("{FAE04EC0-301F-11D3-BF4B-00C04F79EFBC}") = "Task2", "Task2\Task2.csproj", "{778E6941-3561-4CFA-AFF9-CF7AFF786EF4}"
EndProject
Global
	GlobalSection(SolutionConfigurationPlatforms) = preSolution
		Debug|Any CPU = Debug|Any CPU
		Release|Any CPU = Release|Any CPU
	EndGlobalSection
	GlobalSection(ProjectConfigurationPlatforms) = postSolution
		{18A12805-BAC0-428E-9482-6FF7E4C0AC0E}.Debug|Any CPU.ActiveCfg = Debug|Any CPU
		{18A12805-BAC0-428E-9482-6FF7E4C0AC0E}.Debug|Any CPU.Build.0 = Debug|Any CPU
		{18A12805-BAC0-428E-9482-6FF7E4C0AC0E}.Release|Any CPU.ActiveCfg = Release|Any CPU
		{18A12805-BAC0-428E-9482-6FF7E4C0AC0E}.Release|Any CPU.Build.0 = Release|Any CPU
		{778E6941-3561-4CFA-AFF9-CF7AFF786EF4}.Debug|Any CPU.ActiveCfg = Debug|Any CPU
		{778E6941-3561-4CFA-AFF9-CF7AFF786EF4}.Debug|Any CPU.Build.0 = Debug|Any CPU
		{778E6941-3561-4CFA-AFF9-CF7AFF786EF4}.Release|Any CPU.ActiveCfg = Release|Any CPU
		{778E6941-3561-4CFA-AFF9-CF7AFF786EF4}.Release|Any CPU.Build.0 = Release|Any CPU
	EndGlobalSection
	GlobalSection(SolutionProperties) = preSolution
		HideSolutionNode = FALSE
	EndGlobalSection
	GlobalSection(ExtensibilityGlobals) = postSolution
		SolutionGuid = {7A22A0AF-416D-4A39-AF23-9F1DA7C84DC6}
	EndGlobalSection
EndGlobal
